
Microsoft Visual Studio Solution File, Format Version 12.00
# Visual Studio 15
VisualStudioVersion = 15.0.28010.2016
MinimumVisualStudioVersion = 10.0.40219.1
Project("{FAE04EC0-301F-11D3-BF4B-00C04F79EFBC}") = "v2", "v2.csproj", "{B9D14125-2958-4B41-A197-70FBD77B79C7}"
EndProject
Global
	GlobalSection(SolutionConfigurationPlatforms) = preSolution
		Debug|Any CPU = Debug|Any CPU
		Release|Any CPU = Release|Any CPU
	EndGlobalSection
	GlobalSection(ProjectConfigurationPlatforms) = postSolution
		{B9D14125-2958-4B41-A197-70FBD77B79C7}.Debug|Any CPU.ActiveCfg = Debug|Any CPU
		{B9D14125-2958-4B41-A197-70FBD77B79C7}.Debug|Any CPU.Build.0 = Debug|Any CPU
		{B9D14125-2958-4B41-A197-70FBD77B79C7}.Release|Any CPU.ActiveCfg = Release|Any CPU
		{B9D14125-2958-4B41-A197-70FBD77B79C7}.Release|Any CPU.Build.0 = Release|Any CPU
	EndGlobalSection
	GlobalSection(SolutionProperties) = preSolution
		HideSolutionNode = FALSE
	EndGlobalSection
	GlobalSection(ExtensibilityGlobals) = postSolution
		SolutionGuid = {6F31A65D-8751-42CD-9BE9-13818C36007B}
	EndGlobalSection
EndGlobal
